
Microsoft Visual Studio Solution File, Format Version 12.00
# Visual Studio Version 16
VisualStudioVersion = 16.0.30717.126
MinimumVisualStudioVersion = 10.0.40219.1
Project("{FAE04EC0-301F-11D3-BF4B-00C04F79EFBC}") = "HW3_JW_Golf", "HW3_JW_Golf\HW3_JW_Golf.csproj", "{617F0B95-84D6-40C6-A58F-504AD56A4213}"
EndProject
Global
	GlobalSection(SolutionConfigurationPlatforms) = preSolution
		Debug|Any CPU = Debug|Any CPU
		Release|Any CPU = Release|Any CPU
	EndGlobalSection
	GlobalSection(ProjectConfigurationPlatforms) = postSolution
		{617F0B95-84D6-40C6-A58F-504AD56A4213}.Debug|Any CPU.ActiveCfg = Debug|Any CPU
		{617F0B95-84D6-40C6-A58F-504AD56A4213}.Debug|Any CPU.Build.0 = Debug|Any CPU
		{617F0B95-84D6-40C6-A58F-504AD56A4213}.Release|Any CPU.ActiveCfg = Release|Any CPU
		{617F0B95-84D6-40C6-A58F-504AD56A4213}.Release|Any CPU.Build.0 = Release|Any CPU
	EndGlobalSection
	GlobalSection(SolutionProperties) = preSolution
		HideSolutionNode = FALSE
	EndGlobalSection
	GlobalSection(ExtensibilityGlobals) = postSolution
		SolutionGuid = {F7F7DC09-5848-4D72-B1E5-7028910638E6}
	EndGlobalSection
EndGlobal
